<?xml version="1.0" encoding="utf-8"?>
<Project ToolsVersion="4.0" xmlns="http://schemas.microsoft.com/developer/msbuild/2003">
  <ItemGroup>
    <Filter Include="源文件">
      <UniqueIdentifier>{4FC737F1-C7A5-4376-A066-2A32D752A2FF}</UniqueIdentifier>
      <Extensions>cpp;c;cc;cxx;def;odl;idl;hpj;bat;asm;asmx</Extensions>
    </Filter>
    <Filter Include="头文件">
      <UniqueIdentifier>{93995380-89BD-4b04-88EB-625FBE52EBFB}</UniqueIdentifier>
      <Extensions>h;hh;hpp;hxx;hm;inl;inc;ipp;xsd</Extensions>
    </Filter>
    <Filter Include="资源文件">
      <UniqueIdentifier>{67DA6AB6-F800-4c08-8B7A-83BB121AAD01}</UniqueIdentifier>
      <Extensions>rc;ico;cur;bmp;dlg;rc2;rct;bin;rgs;gif;jpg;jpeg;jpe;resx;tiff;tif;png;wav;mfcribbon-ms</Extensions>
    </Filter>
    <Filter Include="imgui">
      <UniqueIdentifier>{5c5cdb95-6858-46f5-b8b4-1c8a75a1ae5b}</UniqueIdentifier>
    </Filter>
    <Filter Include="glfw">
      <UniqueIdentifier>{442c4d5a-f2f8-480e-b883-4bec29fcb2fd}</UniqueIdentifier>
    </Filter>
    <Filter Include="backendImgui">
      <UniqueIdentifier>{6dc8f2ff-e5b0-447c-bfd9-b1d36034cd48}</UniqueIdentifier>
    </Filter>
    <Filter Include="editer">
      <UniqueIdentifier>{f48410bc-7230-47a5-8943-b3cb8ea3c070}</UniqueIdentifier>
    </Filter>
    <Filter Include="shader">
      <UniqueIdentifier>{3e107b68-4677-4527-960d-7101d878a7a7}</UniqueIdentifier>
    </Filter>
    <Filter Include="eigen">
      <UniqueIdentifier>{c00b5ee2-2408-4e3e-bdd4-2f1a689ffa1e}</UniqueIdentifier>
    </Filter>
  </ItemGroup>
  <ItemGroup>
    <ClInclude Include="..\..\imgui\imconfig.h">
      <Filter>imgui</Filter>
    </ClInclude>
    <ClInclude Include="..\..\imgui\imgui.h">
      <Filter>imgui</Filter>
    </ClInclude>
    <ClInclude Include="..\..\imgui\imgui_internal.h">
      <Filter>imgui</Filter>
    </ClInclude>
    <ClInclude Include="..\..\imgui\imstb_rectpack.h">
      <Filter>imgui</Filter>
    </ClInclude>
    <ClInclude Include="..\..\imgui\imstb_textedit.h">
      <Filter>imgui</Filter>
    </ClInclude>
    <ClInclude Include="..\..\imgui\imstb_truetype.h">
      <Filter>imgui</Filter>
    </ClInclude>
    <ClInclude Include="..\..\imgui\libs\glfw\include\GLFW\glfw3.h">
      <Filter>glfw</Filter>
    </ClInclude>
    <ClInclude Include="..\..\imgui\libs\glfw\include\GLFW\glfw3native.h">
      <Filter>glfw</Filter>
    </ClInclude>
    <ClInclude Include="..\..\imgui\backends\imgui_impl_glfw.h">
      <Filter>backendImgui</Filter>
    </ClInclude>
    <ClInclude Include="..\..\imgui\backends\imgui_impl_opengl3.h">
      <Filter>backendImgui</Filter>
    </ClInclude>
    <ClInclude Include="..\..\imgui\libs\gl3w\GL\gl3w.h">
      <Filter>glfw</Filter>
    </ClInclude>
    <ClInclude Include="..\..\imgui\libs\gl3w\GL\glcorearb.h">
      <Filter>glfw</Filter>
    </ClInclude>
    <ClInclude Include="CAppEditer.h">
      <Filter>editer</Filter>
    </ClInclude>
    <ClInclude Include="CObject.h">
      <Filter>editer</Filter>
    </ClInclude>
    <ClInclude Include="..\..\includes\learnopengl\camera.h">
      <Filter>editer</Filter>
    </ClInclude>
    <ClInclude Include="..\..\includes\learnopengl\model.h">
      <Filter>editer</Filter>
    </ClInclude>
    <ClInclude Include="..\..\includes\learnopengl\shader_m.h">
      <Filter>editer</Filter>
    </ClInclude>
    <ClInclude Include="CMesh.h">
      <Filter>头文件</Filter>
    </ClInclude>
    <ClInclude Include="dataStruct.h">
      <Filter>editer</Filter>
    </ClInclude>
    <ClInclude Include="COptimize.h">
      <Filter>editer</Filter>
    </ClInclude>
    <ClInclude Include="CLIne.h">
      <Filter>头文件</Filter>
    </ClInclude>
    <ClInclude Include="CPointCloud.h">
      <Filter>头文件</Filter>
    </ClInclude>
    <ClInclude Include="geometry.h">
      <Filter>头文件</Filter>
    </ClInclude>
    <ClInclude Include="testdata.h">
      <Filter>头文件</Filter>
    </ClInclude>
    <ClInclude Include="CArrowsAxis.h">
      <Filter>头文件</Filter>
    </ClInclude>
    <ClInclude Include="CSkybox.h">
      <Filter>头文件</Filter>
    </ClInclude>
  </ItemGroup>
  <ItemGroup>
    <ClCompile Include="..\..\imgui\imgui.cpp">
      <Filter>imgui</Filter>
    </ClCompile>
    <ClCompile Include="..\..\imgui\imgui_demo.cpp">
      <Filter>imgui</Filter>
    </ClCompile>
    <ClCompile Include="..\..\imgui\imgui_draw.cpp">
      <Filter>imgui</Filter>
    </ClCompile>
    <ClCompile Include="..\..\imgui\imgui_tables.cpp">
      <Filter>imgui</Filter>
    </ClCompile>
    <ClCompile Include="..\..\imgui\imgui_widgets.cpp">
      <Filter>imgui</Filter>
    </ClCompile>
    <ClCompile Include="..\..\imgui\backends\imgui_impl_glfw.cpp">
      <Filter>backendImgui</Filter>
    </ClCompile>
    <ClCompile Include="..\..\imgui\backends\imgui_impl_opengl3.cpp">
      <Filter>backendImgui</Filter>
    </ClCompile>
    <ClCompile Include="..\..\main.cpp">
      <Filter>源文件</Filter>
    </ClCompile>
    <ClCompile Include="..\..\imgui\libs\gl3w\GL\gl3w.c">
      <Filter>glfw</Filter>
    </ClCompile>
    <ClCompile Include="CAppEditer.cpp">
      <Filter>editer</Filter>
    </ClCompile>
    <ClCompile Include="CObject.cpp">
      <Filter>editer</Filter>
    </ClCompile>
    <ClCompile Include="..\..\includes\stb_image.cpp">
      <Filter>editer</Filter>
    </ClCompile>
    <ClCompile Include="model.cpp">
      <Filter>editer</Filter>
    </ClCompile>
    <ClCompile Include="CMesh.cpp">
      <Filter>源文件</Filter>
    </ClCompile>
    <ClCompile Include="COptimize.cpp">
      <Filter>editer</Filter>
    </ClCompile>
    <ClCompile Include="CLIne.cpp">
      <Filter>源文件</Filter>
    </ClCompile>
    <ClCompile Include="CPointCloud.cpp">
      <Filter>源文件</Filter>
    </ClCompile>
    <ClCompile Include="geometry.cpp">
      <Filter>源文件</Filter>
    </ClCompile>
    <ClCompile Include="testdata.cpp">
      <Filter>源文件</Filter>
    </ClCompile>
    <ClCompile Include="CArrowsAxis.cpp">
      <Filter>源文件</Filter>
    </ClCompile>
    <ClCompile Include="CSkybox.cpp">
      <Filter>源文件</Filter>
    </ClCompile>
  </ItemGroup>
  <ItemGroup>
    <None Include="..\..\res\shader\1.model_loading.fs">
      <Filter>shader</Filter>
    </None>
    <None Include="..\..\res\shader\1.model_loading.vs">
      <Filter>shader</Filter>
    </None>
    <None Include="..\..\res\shader\cmesh_shader.vs">
      <Filter>shader</Filter>
    </None>
    <None Include="..\..\res\shader\cmesh_shader.fs">
      <Filter>shader</Filter>
    </None>
    <None Include="..\..\res\shader\line.fs">
      <Filter>shader</Filter>
    </None>
    <None Include="..\..\res\shader\line.vs">
      <Filter>shader</Filter>
    </None>
    <None Include="..\..\includes\Eigen\Cholesky">
      <Filter>eigen</Filter>
    </None>
    <None Include="..\..\includes\Eigen\CholmodSupport">
      <Filter>eigen</Filter>
    </None>
    <None Include="..\..\includes\Eigen\Core">
      <Filter>eigen</Filter>
    </None>
    <None Include="..\..\includes\Eigen\Dense">
      <Filter>eigen</Filter>
    </None>
    <None Include="..\..\includes\Eigen\Eigen">
      <Filter>eigen</Filter>
    </None>
    <None Include="..\..\includes\Eigen\Eigenvalues">
      <Filter>eigen</Filter>
    </None>
    <None Include="..\..\includes\Eigen\Geometry">
      <Filter>eigen</Filter>
    </None>
    <None Include="..\..\includes\Eigen\Householder">
      <Filter>eigen</Filter>
    </None>
    <None Include="..\..\includes\Eigen\IterativeLinearSolvers">
      <Filter>eigen</Filter>
    </None>
    <None Include="..\..\includes\Eigen\Jacobi">
      <Filter>eigen</Filter>
    </None>
    <None Include="..\..\includes\Eigen\LU">
      <Filter>eigen</Filter>
    </None>
    <None Include="..\..\includes\Eigen\MetisSupport">
      <Filter>eigen</Filter>
    </None>
    <None Include="..\..\includes\Eigen\OrderingMethods">
      <Filter>eigen</Filter>
    </None>
    <None Include="..\..\includes\Eigen\PardisoSupport">
      <Filter>eigen</Filter>
    </None>
    <None Include="..\..\includes\Eigen\PaStiXSupport">
      <Filter>eigen</Filter>
    </None>
    <None Include="..\..\includes\Eigen\QR">
      <Filter>eigen</Filter>
    </None>
    <None Include="..\..\includes\Eigen\QtAlignedMalloc">
      <Filter>eigen</Filter>
    </None>
    <None Include="..\..\includes\Eigen\Sparse">
      <Filter>eigen</Filter>
    </None>
    <None Include="..\..\includes\Eigen\SparseCholesky">
      <Filter>eigen</Filter>
    </None>
    <None Include="..\..\includes\Eigen\SparseCore">
      <Filter>eigen</Filter>
    </None>
    <None Include="..\..\includes\Eigen\SparseLU">
      <Filter>eigen</Filter>
    </None>
    <None Include="..\..\includes\Eigen\SparseQR">
      <Filter>eigen</Filter>
    </None>
    <None Include="..\..\includes\Eigen\SPQRSupport">
      <Filter>eigen</Filter>
    </None>
    <None Include="..\..\includes\Eigen\StdDeque">
      <Filter>eigen</Filter>
    </None>
    <None Include="..\..\includes\Eigen\StdList">
      <Filter>eigen</Filter>
    </None>
    <None Include="..\..\includes\Eigen\StdVector">
      <Filter>eigen</Filter>
    </None>
    <None Include="..\..\includes\Eigen\SuperLUSupport">
      <Filter>eigen</Filter>
    </None>
    <None Include="..\..\includes\Eigen\SVD">
      <Filter>eigen</Filter>
    </None>
    <None Include="..\..\includes\Eigen\UmfPackSupport">
      <Filter>eigen</Filter>
    </None>
    <None Include="..\..\res\shader\skybox.fs">
      <Filter>shader</Filter>
    </None>
    <None Include="..\..\res\shader\skybox.vs">
      <Filter>shader</Filter>
    </None>
  </ItemGroup>
  <ItemGroup>
    <Text Include="..\..\includes\Eigen\CMakeLists.txt">
      <Filter>eigen</Filter>
    </Text>
  </ItemGroup>
</Project>